
Microsoft Visual Studio Solution File, Format Version 12.00
# Visual Studio Version 17
VisualStudioVersion = 17.7.34024.191
MinimumVisualStudioVersion = 10.0.40219.1
Project("{FAE04EC0-301F-11D3-BF4B-00C04F79EFBC}") = "Digital-assistant-backend", "Digital-assistant-backend\Digital-assistant-backend.csproj", "{518E2F9C-CC97-42BE-A023-5EF2D0B42C26}"
EndProject
Global
	GlobalSection(SolutionConfigurationPlatforms) = preSolution
		Debug|Any CPU = Debug|Any CPU
		Release|Any CPU = Release|Any CPU
	EndGlobalSection
	GlobalSection(ProjectConfigurationPlatforms) = postSolution
		{518E2F9C-CC97-42BE-A023-5EF2D0B42C26}.Debug|Any CPU.ActiveCfg = Debug|Any CPU
		{518E2F9C-CC97-42BE-A023-5EF2D0B42C26}.Debug|Any CPU.Build.0 = Debug|Any CPU
		{518E2F9C-CC97-42BE-A023-5EF2D0B42C26}.Release|Any CPU.ActiveCfg = Release|Any CPU
		{518E2F9C-CC97-42BE-A023-5EF2D0B42C26}.Release|Any CPU.Build.0 = Release|Any CPU
	EndGlobalSection
	GlobalSection(SolutionProperties) = preSolution
		HideSolutionNode = FALSE
	EndGlobalSection
	GlobalSection(ExtensibilityGlobals) = postSolution
		SolutionGuid = {EA3E8817-78F1-4EB4-AAD4-08B5A839C2F1}
	EndGlobalSection
EndGlobal
